// !$*UTF8*$!
{
	archiveVersion = 1;
	classes = {
	};
	objectVersion = 56;
	objects = {

/* Begin PBXBuildFile section */
		7606B6299AF1D54C73D6B1E2 /* Pods_SpaceX.framework in Frameworks */ = {isa = PBXBuildFile; fileRef = 74C4C88F1395C07E662A4FCD /* Pods_SpaceX.framework */; };
		BCC1525129ED537100DACFCD /* AppDelegate.swift in Sources */ = {isa = PBXBuildFile; fileRef = BCC1525029ED537100DACFCD /* AppDelegate.swift */; };
		BCC1525329ED537100DACFCD /* SceneDelegate.swift in Sources */ = {isa = PBXBuildFile; fileRef = BCC1525229ED537100DACFCD /* SceneDelegate.swift */; };
		BCC1525A29ED537200DACFCD /* Assets.xcassets in Resources */ = {isa = PBXBuildFile; fileRef = BCC1525929ED537200DACFCD /* Assets.xcassets */; };
		BCC1525D29ED537200DACFCD /* LaunchScreen.storyboard in Resources */ = {isa = PBXBuildFile; fileRef = BCC1525B29ED537200DACFCD /* LaunchScreen.storyboard */; };
		BCC1527329ED55C600DACFCD /* LaunchViewModel.swift in Sources */ = {isa = PBXBuildFile; fileRef = BCC1526F29ED55C600DACFCD /* LaunchViewModel.swift */; };
		BCC1527429ED55C600DACFCD /* LaunchBuilder.swift in Sources */ = {isa = PBXBuildFile; fileRef = BCC1527029ED55C600DACFCD /* LaunchBuilder.swift */; };
		BCC1527529ED55C600DACFCD /* LaunchRouter.swift in Sources */ = {isa = PBXBuildFile; fileRef = BCC1527129ED55C600DACFCD /* LaunchRouter.swift */; };
		BCC1527629ED55C600DACFCD /* LaunchViewController.swift in Sources */ = {isa = PBXBuildFile; fileRef = BCC1527229ED55C600DACFCD /* LaunchViewController.swift */; };
		BCC1527C29ED57B800DACFCD /* LaunchDetailView.swift in Sources */ = {isa = PBXBuildFile; fileRef = BCC1527829ED57B800DACFCD /* LaunchDetailView.swift */; };
		BCC1527D29ED57B800DACFCD /* LaunchDateView.swift in Sources */ = {isa = PBXBuildFile; fileRef = BCC1527929ED57B800DACFCD /* LaunchDateView.swift */; };
		BCC1527E29ED57B800DACFCD /* LaunchLinkView.swift in Sources */ = {isa = PBXBuildFile; fileRef = BCC1527A29ED57B800DACFCD /* LaunchLinkView.swift */; };
		BCC1527F29ED57B800DACFCD /* RocketInfoView.swift in Sources */ = {isa = PBXBuildFile; fileRef = BCC1527B29ED57B800DACFCD /* RocketInfoView.swift */; };
		BCC1528329ED57C000DACFCD /* DetailViewModel.swift in Sources */ = {isa = PBXBuildFile; fileRef = BCC1528029ED57C000DACFCD /* DetailViewModel.swift */; };
		BCC1528429ED57C000DACFCD /* DetailViewController.swift in Sources */ = {isa = PBXBuildFile; fileRef = BCC1528129ED57C000DACFCD /* DetailViewController.swift */; };
		BCC1528529ED57C000DACFCD /* DetailBuilder.swift in Sources */ = {isa = PBXBuildFile; fileRef = BCC1528229ED57C000DACFCD /* DetailBuilder.swift */; };
		BCC1528829ED57D000DACFCD /* LaunchDetailModel.swift in Sources */ = {isa = PBXBuildFile; fileRef = BCC1528629ED57D000DACFCD /* LaunchDetailModel.swift */; };
		BCC1528929ED57D000DACFCD /* LaunchModel.swift in Sources */ = {isa = PBXBuildFile; fileRef = BCC1528729ED57D000DACFCD /* LaunchModel.swift */; };
		BCC1528F29ED582700DACFCD /* ServiceConfiguration.swift in Sources */ = {isa = PBXBuildFile; fileRef = BCC1528A29ED582700DACFCD /* ServiceConfiguration.swift */; };
		BCC1529029ED582700DACFCD /* LaunchService.swift in Sources */ = {isa = PBXBuildFile; fileRef = BCC1528B29ED582700DACFCD /* LaunchService.swift */; };
		BCC1529129ED582700DACFCD /* API.swift in Sources */ = {isa = PBXBuildFile; fileRef = BCC1528C29ED582700DACFCD /* API.swift */; };
		BCC1529229ED582700DACFCD /* APIRouter.swift in Sources */ = {isa = PBXBuildFile; fileRef = BCC1528D29ED582700DACFCD /* APIRouter.swift */; };
		BCC1529329ED582700DACFCD /* APIError.swift in Sources */ = {isa = PBXBuildFile; fileRef = BCC1528E29ED582700DACFCD /* APIError.swift */; };
		BCC1529629ED583100DACFCD /* SnackHelper.swift in Sources */ = {isa = PBXBuildFile; fileRef = BCC1529429ED583100DACFCD /* SnackHelper.swift */; };
		BCC1529729ED583100DACFCD /* LoadingManager.swift in Sources */ = {isa = PBXBuildFile; fileRef = BCC1529529ED583100DACFCD /* LoadingManager.swift */; };
		BCC1529929ED584700DACFCD /* Constant.swift in Sources */ = {isa = PBXBuildFile; fileRef = BCC1529829ED584700DACFCD /* Constant.swift */; };
		BCC152A029ED585500DACFCD /* UIFont+Ext.swift in Sources */ = {isa = PBXBuildFile; fileRef = BCC1529A29ED585500DACFCD /* UIFont+Ext.swift */; };
		BCC152A129ED585500DACFCD /* UIView+Ext.swift in Sources */ = {isa = PBXBuildFile; fileRef = BCC1529B29ED585500DACFCD /* UIView+Ext.swift */; };
		BCC152A229ED585500DACFCD /* String+Ext.swift in Sources */ = {isa = PBXBuildFile; fileRef = BCC1529C29ED585500DACFCD /* String+Ext.swift */; };
		BCC152A329ED585500DACFCD /* Date+Ext.swift in Sources */ = {isa = PBXBuildFile; fileRef = BCC1529D29ED585500DACFCD /* Date+Ext.swift */; };
		BCC152A429ED585500DACFCD /* General+Ext.swift in Sources */ = {isa = PBXBuildFile; fileRef = BCC1529E29ED585500DACFCD /* General+Ext.swift */; };
		BCC152A529ED585500DACFCD /* UIColor+Ext.swift in Sources */ = {isa = PBXBuildFile; fileRef = BCC1529F29ED585500DACFCD /* UIColor+Ext.swift */; };
		BCC152A829ED585C00DACFCD /* UITableViewCell+Ext.swift in Sources */ = {isa = PBXBuildFile; fileRef = BCC152A629ED585C00DACFCD /* UITableViewCell+Ext.swift */; };
		BCC152A929ED585C00DACFCD /* UITableView+Ext.swift in Sources */ = {isa = PBXBuildFile; fileRef = BCC152A729ED585C00DACFCD /* UITableView+Ext.swift */; };
		BCC152AC29ED5AA600DACFCD /* LaunchTableViewCell.swift in Sources */ = {isa = PBXBuildFile; fileRef = BCC152AB29ED5AA600DACFCD /* LaunchTableViewCell.swift */; };
/* End PBXBuildFile section */

/* Begin PBXFileReference section */
		323C14329563C9486C922362 /* Pods-SpaceX.debug.xcconfig */ = {isa = PBXFileReference; includeInIndex = 1; lastKnownFileType = text.xcconfig; name = "Pods-SpaceX.debug.xcconfig"; path = "Target Support Files/Pods-SpaceX/Pods-SpaceX.debug.xcconfig"; sourceTree = "<group>"; };
		6DD99F26D0835C6333EF0DC5 /* Pods-SpaceX.release.xcconfig */ = {isa = PBXFileReference; includeInIndex = 1; lastKnownFileType = text.xcconfig; name = "Pods-SpaceX.release.xcconfig"; path = "Target Support Files/Pods-SpaceX/Pods-SpaceX.release.xcconfig"; sourceTree = "<group>"; };
		74C4C88F1395C07E662A4FCD /* Pods_SpaceX.framework */ = {isa = PBXFileReference; explicitFileType = wrapper.framework; includeInIndex = 0; path = Pods_SpaceX.framework; sourceTree = BUILT_PRODUCTS_DIR; };
		BCC1524D29ED537100DACFCD /* SpaceX.app */ = {isa = PBXFileReference; explicitFileType = wrapper.application; includeInIndex = 0; path = SpaceX.app; sourceTree = BUILT_PRODUCTS_DIR; };
		BCC1525029ED537100DACFCD /* AppDelegate.swift */ = {isa = PBXFileReference; lastKnownFileType = sourcecode.swift; path = AppDelegate.swift; sourceTree = "<group>"; };
		BCC1525229ED537100DACFCD /* SceneDelegate.swift */ = {isa = PBXFileReference; lastKnownFileType = sourcecode.swift; path = SceneDelegate.swift; sourceTree = "<group>"; };
		BCC1525929ED537200DACFCD /* Assets.xcassets */ = {isa = PBXFileReference; lastKnownFileType = folder.assetcatalog; path = Assets.xcassets; sourceTree = "<group>"; };
		BCC1525C29ED537200DACFCD /* Base */ = {isa = PBXFileReference; lastKnownFileType = file.storyboard; name = Base; path = Base.lproj/LaunchScreen.storyboard; sourceTree = "<group>"; };
		BCC1525E29ED537200DACFCD /* Info.plist */ = {isa = PBXFileReference; lastKnownFileType = text.plist.xml; path = Info.plist; sourceTree = "<group>"; };
		BCC1526F29ED55C600DACFCD /* LaunchViewModel.swift */ = {isa = PBXFileReference; fileEncoding = 4; lastKnownFileType = sourcecode.swift; path = LaunchViewModel.swift; sourceTree = "<group>"; };
		BCC1527029ED55C600DACFCD /* LaunchBuilder.swift */ = {isa = PBXFileReference; fileEncoding = 4; lastKnownFileType = sourcecode.swift; path = LaunchBuilder.swift; sourceTree = "<group>"; };
		BCC1527129ED55C600DACFCD /* LaunchRouter.swift */ = {isa = PBXFileReference; fileEncoding = 4; lastKnownFileType = sourcecode.swift; path = LaunchRouter.swift; sourceTree = "<group>"; };
		BCC1527229ED55C600DACFCD /* LaunchViewController.swift */ = {isa = PBXFileReference; fileEncoding = 4; lastKnownFileType = sourcecode.swift; path = LaunchViewController.swift; sourceTree = "<group>"; };
		BCC1527829ED57B800DACFCD /* LaunchDetailView.swift */ = {isa = PBXFileReference; fileEncoding = 4; lastKnownFileType = sourcecode.swift; path = LaunchDetailView.swift; sourceTree = "<group>"; };
		BCC1527929ED57B800DACFCD /* LaunchDateView.swift */ = {isa = PBXFileReference; fileEncoding = 4; lastKnownFileType = sourcecode.swift; path = LaunchDateView.swift; sourceTree = "<group>"; };
		BCC1527A29ED57B800DACFCD /* LaunchLinkView.swift */ = {isa = PBXFileReference; fileEncoding = 4; lastKnownFileType = sourcecode.swift; path = LaunchLinkView.swift; sourceTree = "<group>"; };
		BCC1527B29ED57B800DACFCD /* RocketInfoView.swift */ = {isa = PBXFileReference; fileEncoding = 4; lastKnownFileType = sourcecode.swift; path = RocketInfoView.swift; sourceTree = "<group>"; };
		BCC1528029ED57C000DACFCD /* DetailViewModel.swift */ = {isa = PBXFileReference; fileEncoding = 4; lastKnownFileType = sourcecode.swift; path = DetailViewModel.swift; sourceTree = "<group>"; };
		BCC1528129ED57C000DACFCD /* DetailViewController.swift */ = {isa = PBXFileReference; fileEncoding = 4; lastKnownFileType = sourcecode.swift; path = DetailViewController.swift; sourceTree = "<group>"; };
		BCC1528229ED57C000DACFCD /* DetailBuilder.swift */ = {isa = PBXFileReference; fileEncoding = 4; lastKnownFileType = sourcecode.swift; path = DetailBuilder.swift; sourceTree = "<group>"; };
		BCC1528629ED57D000DACFCD /* LaunchDetailModel.swift */ = {isa = PBXFileReference; fileEncoding = 4; lastKnownFileType = sourcecode.swift; path = LaunchDetailModel.swift; sourceTree = "<group>"; };
		BCC1528729ED57D000DACFCD /* LaunchModel.swift */ = {isa = PBXFileReference; fileEncoding = 4; lastKnownFileType = sourcecode.swift; path = LaunchModel.swift; sourceTree = "<group>"; };
		BCC1528A29ED582700DACFCD /* ServiceConfiguration.swift */ = {isa = PBXFileReference; fileEncoding = 4; lastKnownFileType = sourcecode.swift; path = ServiceConfiguration.swift; sourceTree = "<group>"; };
		BCC1528B29ED582700DACFCD /* LaunchService.swift */ = {isa = PBXFileReference; fileEncoding = 4; lastKnownFileType = sourcecode.swift; path = LaunchService.swift; sourceTree = "<group>"; };
		BCC1528C29ED582700DACFCD /* API.swift */ = {isa = PBXFileReference; fileEncoding = 4; lastKnownFileType = sourcecode.swift; path = API.swift; sourceTree = "<group>"; };
		BCC1528D29ED582700DACFCD /* APIRouter.swift */ = {isa = PBXFileReference; fileEncoding = 4; lastKnownFileType = sourcecode.swift; path = APIRouter.swift; sourceTree = "<group>"; };
		BCC1528E29ED582700DACFCD /* APIError.swift */ = {isa = PBXFileReference; fileEncoding = 4; lastKnownFileType = sourcecode.swift; path = APIError.swift; sourceTree = "<group>"; };
		BCC1529429ED583100DACFCD /* SnackHelper.swift */ = {isa = PBXFileReference; fileEncoding = 4; lastKnownFileType = sourcecode.swift; path = SnackHelper.swift; sourceTree = "<group>"; };
		BCC1529529ED583100DACFCD /* LoadingManager.swift */ = {isa = PBXFileReference; fileEncoding = 4; lastKnownFileType = sourcecode.swift; path = LoadingManager.swift; sourceTree = "<group>"; };
		BCC1529829ED584700DACFCD /* Constant.swift */ = {isa = PBXFileReference; fileEncoding = 4; lastKnownFileType = sourcecode.swift; path = Constant.swift; sourceTree = "<group>"; };
		BCC1529A29ED585500DACFCD /* UIFont+Ext.swift */ = {isa = PBXFileReference; fileEncoding = 4; lastKnownFileType = sourcecode.swift; path = "UIFont+Ext.swift"; sourceTree = "<group>"; };
		BCC1529B29ED585500DACFCD /* UIView+Ext.swift */ = {isa = PBXFileReference; fileEncoding = 4; lastKnownFileType = sourcecode.swift; path = "UIView+Ext.swift"; sourceTree = "<group>"; };
		BCC1529C29ED585500DACFCD /* String+Ext.swift */ = {isa = PBXFileReference; fileEncoding = 4; lastKnownFileType = sourcecode.swift; path = "String+Ext.swift"; sourceTree = "<group>"; };
		BCC1529D29ED585500DACFCD /* Date+Ext.swift */ = {isa = PBXFileReference; fileEncoding = 4; lastKnownFileType = sourcecode.swift; path = "Date+Ext.swift"; sourceTree = "<group>"; };
		BCC1529E29ED585500DACFCD /* General+Ext.swift */ = {isa = PBXFileReference; fileEncoding = 4; lastKnownFileType = sourcecode.swift; path = "General+Ext.swift"; sourceTree = "<group>"; };
		BCC1529F29ED585500DACFCD /* UIColor+Ext.swift */ = {isa = PBXFileReference; fileEncoding = 4; lastKnownFileType = sourcecode.swift; path = "UIColor+Ext.swift"; sourceTree = "<group>"; };
		BCC152A629ED585C00DACFCD /* UITableViewCell+Ext.swift */ = {isa = PBXFileReference; fileEncoding = 4; lastKnownFileType = sourcecode.swift; path = "UITableViewCell+Ext.swift"; sourceTree = "<group>"; };
		BCC152A729ED585C00DACFCD /* UITableView+Ext.swift */ = {isa = PBXFileReference; fileEncoding = 4; lastKnownFileType = sourcecode.swift; path = "UITableView+Ext.swift"; sourceTree = "<group>"; };
		BCC152AB29ED5AA600DACFCD /* LaunchTableViewCell.swift */ = {isa = PBXFileReference; fileEncoding = 4; lastKnownFileType = sourcecode.swift; path = LaunchTableViewCell.swift; sourceTree = "<group>"; };
/* End PBXFileReference section */

/* Begin PBXFrameworksBuildPhase section */
		BCC1524A29ED537100DACFCD /* Frameworks */ = {
			isa = PBXFrameworksBuildPhase;
			buildActionMask = 2147483647;
			files = (
				7606B6299AF1D54C73D6B1E2 /* Pods_SpaceX.framework in Frameworks */,
			);
			runOnlyForDeploymentPostprocessing = 0;
		};
/* End PBXFrameworksBuildPhase section */

/* Begin PBXGroup section */
		1D2F5D1B9D5816A7E59FC976 /* Pods */ = {
			isa = PBXGroup;
			children = (
				323C14329563C9486C922362 /* Pods-SpaceX.debug.xcconfig */,
				6DD99F26D0835C6333EF0DC5 /* Pods-SpaceX.release.xcconfig */,
			);
			path = Pods;
			sourceTree = "<group>";
		};
		48D6E7572694F3E836203F6A /* Frameworks */ = {
			isa = PBXGroup;
			children = (
				74C4C88F1395C07E662A4FCD /* Pods_SpaceX.framework */,
			);
			name = Frameworks;
			sourceTree = "<group>";
		};
		BCC1524429ED537100DACFCD = {
			isa = PBXGroup;
			children = (
				BCC1524F29ED537100DACFCD /* SpaceX */,
				BCC1524E29ED537100DACFCD /* Products */,
				1D2F5D1B9D5816A7E59FC976 /* Pods */,
				48D6E7572694F3E836203F6A /* Frameworks */,
			);
			sourceTree = "<group>";
		};
		BCC1524E29ED537100DACFCD /* Products */ = {
			isa = PBXGroup;
			children = (
				BCC1524D29ED537100DACFCD /* SpaceX.app */,
			);
			name = Products;
			sourceTree = "<group>";
		};
		BCC1524F29ED537100DACFCD /* SpaceX */ = {
			isa = PBXGroup;
			children = (
				BCC1526429ED54D300DACFCD /* Application */,
				BCC1526529ED54E500DACFCD /* Home */,
				BCC1526629ED54EA00DACFCD /* Detail */,
				BCC1526729ED54EF00DACFCD /* Model */,
				BCC1526829ED54F500DACFCD /* Service */,
				BCC1526A29ED550700DACFCD /* Helper */,
				BCC1526929ED550000DACFCD /* Managers */,
				BCC1526E29ED552600DACFCD /* Resources */,
			);
			path = SpaceX;
			sourceTree = "<group>";
		};
		BCC1526429ED54D300DACFCD /* Application */ = {
			isa = PBXGroup;
			children = (
				BCC1525029ED537100DACFCD /* AppDelegate.swift */,
				BCC1525229ED537100DACFCD /* SceneDelegate.swift */,
			);
			path = Application;
			sourceTree = "<group>";
		};
		BCC1526529ED54E500DACFCD /* Home */ = {
			isa = PBXGroup;
			children = (
				BCC1527029ED55C600DACFCD /* LaunchBuilder.swift */,
				BCC1527129ED55C600DACFCD /* LaunchRouter.swift */,
				BCC1527229ED55C600DACFCD /* LaunchViewController.swift */,
				BCC1526F29ED55C600DACFCD /* LaunchViewModel.swift */,
				BCC152AA29ED5A9100DACFCD /* Cell */,
			);
			path = Home;
			sourceTree = "<group>";
		};
		BCC1526629ED54EA00DACFCD /* Detail */ = {
			isa = PBXGroup;
			children = (
				BCC1528229ED57C000DACFCD /* DetailBuilder.swift */,
				BCC1528129ED57C000DACFCD /* DetailViewController.swift */,
				BCC1528029ED57C000DACFCD /* DetailViewModel.swift */,
				BCC1527729ED57AE00DACFCD /* Views */,
			);
			path = Detail;
			sourceTree = "<group>";
		};
		BCC1526729ED54EF00DACFCD /* Model */ = {
			isa = PBXGroup;
			children = (
				BCC1528629ED57D000DACFCD /* LaunchDetailModel.swift */,
				BCC1528729ED57D000DACFCD /* LaunchModel.swift */,
			);
			path = Model;
			sourceTree = "<group>";
		};
		BCC1526829ED54F500DACFCD /* Service */ = {
			isa = PBXGroup;
			children = (
				BCC1528C29ED582700DACFCD /* API.swift */,
				BCC1528E29ED582700DACFCD /* APIError.swift */,
				BCC1528D29ED582700DACFCD /* APIRouter.swift */,
				BCC1528B29ED582700DACFCD /* LaunchService.swift */,
				BCC1528A29ED582700DACFCD /* ServiceConfiguration.swift */,
			);
			path = Service;
			sourceTree = "<group>";
		};
		BCC1526929ED550000DACFCD /* Managers */ = {
			isa = PBXGroup;
			children = (
				BCC1529529ED583100DACFCD /* LoadingManager.swift */,
				BCC1529429ED583100DACFCD /* SnackHelper.swift */,
			);
			path = Managers;
			sourceTree = "<group>";
		};
		BCC1526A29ED550700DACFCD /* Helper */ = {
			isa = PBXGroup;
			children = (
				BCC1526D29ED551C00DACFCD /* TableView */,
				BCC1526C29ED551600DACFCD /* View */,
				BCC1526B29ED550E00DACFCD /* Constant */,
			);
			path = Helper;
			sourceTree = "<group>";
		};
		BCC1526B29ED550E00DACFCD /* Constant */ = {
			isa = PBXGroup;
			children = (
				BCC1529829ED584700DACFCD /* Constant.swift */,
			);
			path = Constant;
			sourceTree = "<group>";
		};
		BCC1526C29ED551600DACFCD /* View */ = {
			isa = PBXGroup;
			children = (
				BCC1529D29ED585500DACFCD /* Date+Ext.swift */,
				BCC1529E29ED585500DACFCD /* General+Ext.swift */,
				BCC1529C29ED585500DACFCD /* String+Ext.swift */,
				BCC1529F29ED585500DACFCD /* UIColor+Ext.swift */,
				BCC1529A29ED585500DACFCD /* UIFont+Ext.swift */,
				BCC1529B29ED585500DACFCD /* UIView+Ext.swift */,
			);
			path = View;
			sourceTree = "<group>";
		};
		BCC1526D29ED551C00DACFCD /* TableView */ = {
			isa = PBXGroup;
			children = (
				BCC152A729ED585C00DACFCD /* UITableView+Ext.swift */,
				BCC152A629ED585C00DACFCD /* UITableViewCell+Ext.swift */,
			);
			path = TableView;
			sourceTree = "<group>";
		};
		BCC1526E29ED552600DACFCD /* Resources */ = {
			isa = PBXGroup;
			children = (
				BCC1525929ED537200DACFCD /* Assets.xcassets */,
				BCC1525B29ED537200DACFCD /* LaunchScreen.storyboard */,
				BCC1525E29ED537200DACFCD /* Info.plist */,
			);
			path = Resources;
			sourceTree = "<group>";
		};
		BCC1527729ED57AE00DACFCD /* Views */ = {
			isa = PBXGroup;
			children = (
				BCC1527929ED57B800DACFCD /* LaunchDateView.swift */,
				BCC1527829ED57B800DACFCD /* LaunchDetailView.swift */,
				BCC1527A29ED57B800DACFCD /* LaunchLinkView.swift */,
				BCC1527B29ED57B800DACFCD /* RocketInfoView.swift */,
			);
			path = Views;
			sourceTree = "<group>";
		};
		BCC152AA29ED5A9100DACFCD /* Cell */ = {
			isa = PBXGroup;
			children = (
				BCC152AB29ED5AA600DACFCD /* LaunchTableViewCell.swift */,
			);
			path = Cell;
			sourceTree = "<group>";
		};
/* End PBXGroup section */

/* Begin PBXNativeTarget section */
		BCC1524C29ED537100DACFCD /* SpaceX */ = {
			isa = PBXNativeTarget;
			buildConfigurationList = BCC1526129ED537200DACFCD /* Build configuration list for PBXNativeTarget "SpaceX" */;
			buildPhases = (
				255D321425D3E658EB25C055 /* [CP] Check Pods Manifest.lock */,
				BCC1524929ED537100DACFCD /* Sources */,
				BCC1524A29ED537100DACFCD /* Frameworks */,
				BCC1524B29ED537100DACFCD /* Resources */,
				7AB88DC76195C0729004B644 /* [CP] Embed Pods Frameworks */,
			);
			buildRules = (
			);
			dependencies = (
			);
			name = SpaceX;
			productName = SpaceX;
			productReference = BCC1524D29ED537100DACFCD /* SpaceX.app */;
			productType = "com.apple.product-type.application";
		};
/* End PBXNativeTarget section */

/* Begin PBXProject section */
		BCC1524529ED537100DACFCD /* Project object */ = {
			isa = PBXProject;
			attributes = {
				BuildIndependentTargetsInParallel = 1;
				LastSwiftUpdateCheck = 1420;
				LastUpgradeCheck = 1420;
				TargetAttributes = {
					BCC1524C29ED537100DACFCD = {
						CreatedOnToolsVersion = 14.2;
					};
				};
			};
			buildConfigurationList = BCC1524829ED537100DACFCD /* Build configuration list for PBXProject "SpaceX" */;
			compatibilityVersion = "Xcode 14.0";
			developmentRegion = en;
			hasScannedForEncodings = 0;
			knownRegions = (
				en,
				Base,
			);
			mainGroup = BCC1524429ED537100DACFCD;
			productRefGroup = BCC1524E29ED537100DACFCD /* Products */;
			projectDirPath = "";
			projectRoot = "";
			targets = (
				BCC1524C29ED537100DACFCD /* SpaceX */,
			);
		};
/* End PBXProject section */

/* Begin PBXResourcesBuildPhase section */
		BCC1524B29ED537100DACFCD /* Resources */ = {
			isa = PBXResourcesBuildPhase;
			buildActionMask = 2147483647;
			files = (
				BCC1525D29ED537200DACFCD /* LaunchScreen.storyboard in Resources */,
				BCC1525A29ED537200DACFCD /* Assets.xcassets in Resources */,
			);
			runOnlyForDeploymentPostprocessing = 0;
		};
/* End PBXResourcesBuildPhase section */

/* Begin PBXShellScriptBuildPhase section */
		255D321425D3E658EB25C055 /* [CP] Check Pods Manifest.lock */ = {
			isa = PBXShellScriptBuildPhase;
			buildActionMask = 2147483647;
			files = (
			);
			inputFileListPaths = (
			);
			inputPaths = (
				"${PODS_PODFILE_DIR_PATH}/Podfile.lock",
				"${PODS_ROOT}/Manifest.lock",
			);
			name = "[CP] Check Pods Manifest.lock";
			outputFileListPaths = (
			);
			outputPaths = (
				"$(DERIVED_FILE_DIR)/Pods-SpaceX-checkManifestLockResult.txt",
			);
			runOnlyForDeploymentPostprocessing = 0;
			shellPath = /bin/sh;
			shellScript = "diff \"${PODS_PODFILE_DIR_PATH}/Podfile.lock\" \"${PODS_ROOT}/Manifest.lock\" > /dev/null\nif [ $? != 0 ] ; then\n    # print error to STDERR\n    echo \"error: The sandbox is not in sync with the Podfile.lock. Run 'pod install' or update your CocoaPods installation.\" >&2\n    exit 1\nfi\n# This output is used by Xcode 'outputs' to avoid re-running this script phase.\necho \"SUCCESS\" > \"${SCRIPT_OUTPUT_FILE_0}\"\n";
			showEnvVarsInLog = 0;
		};
		7AB88DC76195C0729004B644 /* [CP] Embed Pods Frameworks */ = {
			isa = PBXShellScriptBuildPhase;
			buildActionMask = 2147483647;
			files = (
			);
			inputFileListPaths = (
				"${PODS_ROOT}/Target Support Files/Pods-SpaceX/Pods-SpaceX-frameworks-${CONFIGURATION}-input-files.xcfilelist",
			);
			name = "[CP] Embed Pods Frameworks";
			outputFileListPaths = (
				"${PODS_ROOT}/Target Support Files/Pods-SpaceX/Pods-SpaceX-frameworks-${CONFIGURATION}-output-files.xcfilelist",
			);
			runOnlyForDeploymentPostprocessing = 0;
			shellPath = /bin/sh;
			shellScript = "\"${PODS_ROOT}/Target Support Files/Pods-SpaceX/Pods-SpaceX-frameworks.sh\"\n";
			showEnvVarsInLog = 0;
		};
/* End PBXShellScriptBuildPhase section */

/* Begin PBXSourcesBuildPhase section */
		BCC1524929ED537100DACFCD /* Sources */ = {
			isa = PBXSourcesBuildPhase;
			buildActionMask = 2147483647;
			files = (
				BCC152A329ED585500DACFCD /* Date+Ext.swift in Sources */,
				BCC1527429ED55C600DACFCD /* LaunchBuilder.swift in Sources */,
				BCC1527629ED55C600DACFCD /* LaunchViewController.swift in Sources */,
				BCC1527F29ED57B800DACFCD /* RocketInfoView.swift in Sources */,
				BCC1528829ED57D000DACFCD /* LaunchDetailModel.swift in Sources */,
				BCC1529229ED582700DACFCD /* APIRouter.swift in Sources */,
				BCC1529029ED582700DACFCD /* LaunchService.swift in Sources */,
				BCC1528429ED57C000DACFCD /* DetailViewController.swift in Sources */,
				BCC1525129ED537100DACFCD /* AppDelegate.swift in Sources */,
				BCC1527D29ED57B800DACFCD /* LaunchDateView.swift in Sources */,
				BCC1527C29ED57B800DACFCD /* LaunchDetailView.swift in Sources */,
				BCC1529929ED584700DACFCD /* Constant.swift in Sources */,
				BCC152A929ED585C00DACFCD /* UITableView+Ext.swift in Sources */,
				BCC1529729ED583100DACFCD /* LoadingManager.swift in Sources */,
				BCC152A129ED585500DACFCD /* UIView+Ext.swift in Sources */,
				BCC152A429ED585500DACFCD /* General+Ext.swift in Sources */,
				BCC152A029ED585500DACFCD /* UIFont+Ext.swift in Sources */,
				BCC1527529ED55C600DACFCD /* LaunchRouter.swift in Sources */,
				BCC152AC29ED5AA600DACFCD /* LaunchTableViewCell.swift in Sources */,
				BCC1528929ED57D000DACFCD /* LaunchModel.swift in Sources */,
				BCC152A229ED585500DACFCD /* String+Ext.swift in Sources */,
				BCC1525329ED537100DACFCD /* SceneDelegate.swift in Sources */,
				BCC1529329ED582700DACFCD /* APIError.swift in Sources */,
				BCC1527E29ED57B800DACFCD /* LaunchLinkView.swift in Sources */,
				BCC1528529ED57C000DACFCD /* DetailBuilder.swift in Sources */,
				BCC1528329ED57C000DACFCD /* DetailViewModel.swift in Sources */,
				BCC1529629ED583100DACFCD /* SnackHelper.swift in Sources */,
				BCC152A829ED585C00DACFCD /* UITableViewCell+Ext.swift in Sources */,
				BCC1528F29ED582700DACFCD /* ServiceConfiguration.swift in Sources */,
				BCC1529129ED582700DACFCD /* API.swift in Sources */,
				BCC152A529ED585500DACFCD /* UIColor+Ext.swift in Sources */,
				BCC1527329ED55C600DACFCD /* LaunchViewModel.swift in Sources */,
			);
			runOnlyForDeploymentPostprocessing = 0;
		};
/* End PBXSourcesBuildPhase section */

/* Begin PBXVariantGroup section */
		BCC1525B29ED537200DACFCD /* LaunchScreen.storyboard */ = {
			isa = PBXVariantGroup;
			children = (
				BCC1525C29ED537200DACFCD /* Base */,
			);
			name = LaunchScreen.storyboard;
			sourceTree = "<group>";
		};
/* End PBXVariantGroup section */

/* Begin XCBuildConfiguration section */
		BCC1525F29ED537200DACFCD /* Debug */ = {
			isa = XCBuildConfiguration;
			buildSettings = {
				ALWAYS_SEARCH_USER_PATHS = NO;
				CLANG_ANALYZER_NONNULL = YES;
				CLANG_ANALYZER_NUMBER_OBJECT_CONVERSION = YES_AGGRESSIVE;
				CLANG_CXX_LANGUAGE_STANDARD = "gnu++20";
				CLANG_ENABLE_MODULES = YES;
				CLANG_ENABLE_OBJC_ARC = YES;
				CLANG_ENABLE_OBJC_WEAK = YES;
				CLANG_WARN_BLOCK_CAPTURE_AUTORELEASING = YES;
				CLANG_WARN_BOOL_CONVERSION = YES;
				CLANG_WARN_COMMA = YES;
				CLANG_WARN_CONSTANT_CONVERSION = YES;
				CLANG_WARN_DEPRECATED_OBJC_IMPLEMENTATIONS = YES;
				CLANG_WARN_DIRECT_OBJC_ISA_USAGE = YES_ERROR;
				CLANG_WARN_DOCUMENTATION_COMMENTS = YES;
				CLANG_WARN_EMPTY_BODY = YES;
				CLANG_WARN_ENUM_CONVERSION = YES;
				CLANG_WARN_INFINITE_RECURSION = YES;
				CLANG_WARN_INT_CONVERSION = YES;
				CLANG_WARN_NON_LITERAL_NULL_CONVERSION = YES;
				CLANG_WARN_OBJC_IMPLICIT_RETAIN_SELF = YES;
				CLANG_WARN_OBJC_LITERAL_CONVERSION = YES;
				CLANG_WARN_OBJC_ROOT_CLASS = YES_ERROR;
				CLANG_WARN_QUOTED_INCLUDE_IN_FRAMEWORK_HEADER = YES;
				CLANG_WARN_RANGE_LOOP_ANALYSIS = YES;
				CLANG_WARN_STRICT_PROTOTYPES = YES;
				CLANG_WARN_SUSPICIOUS_MOVE = YES;
				CLANG_WARN_UNGUARDED_AVAILABILITY = YES_AGGRESSIVE;
				CLANG_WARN_UNREACHABLE_CODE = YES;
				CLANG_WARN__DUPLICATE_METHOD_MATCH = YES;
				COPY_PHASE_STRIP = NO;
				DEBUG_INFORMATION_FORMAT = dwarf;
				ENABLE_STRICT_OBJC_MSGSEND = YES;
				ENABLE_TESTABILITY = YES;
				GCC_C_LANGUAGE_STANDARD = gnu11;
				GCC_DYNAMIC_NO_PIC = NO;
				GCC_NO_COMMON_BLOCKS = YES;
				GCC_OPTIMIZATION_LEVEL = 0;
				GCC_PREPROCESSOR_DEFINITIONS = (
					"DEBUG=1",
					"$(inherited)",
				);
				GCC_WARN_64_TO_32_BIT_CONVERSION = YES;
				GCC_WARN_ABOUT_RETURN_TYPE = YES_ERROR;
				GCC_WARN_UNDECLARED_SELECTOR = YES;
				GCC_WARN_UNINITIALIZED_AUTOS = YES_AGGRESSIVE;
				GCC_WARN_UNUSED_FUNCTION = YES;
				GCC_WARN_UNUSED_VARIABLE = YES;
				IPHONEOS_DEPLOYMENT_TARGET = 16.2;
				MTL_ENABLE_DEBUG_INFO = INCLUDE_SOURCE;
				MTL_FAST_MATH = YES;
				ONLY_ACTIVE_ARCH = YES;
				SDKROOT = iphoneos;
				SWIFT_ACTIVE_COMPILATION_CONDITIONS = DEBUG;
				SWIFT_OPTIMIZATION_LEVEL = "-Onone";
			};
			name = Debug;
		};
		BCC1526029ED537200DACFCD /* Release */ = {
			isa = XCBuildConfiguration;
			buildSettings = {
				ALWAYS_SEARCH_USER_PATHS = NO;
				CLANG_ANALYZER_NONNULL = YES;
				CLANG_ANALYZER_NUMBER_OBJECT_CONVERSION = YES_AGGRESSIVE;
				CLANG_CXX_LANGUAGE_STANDARD = "gnu++20";
				CLANG_ENABLE_MODULES = YES;
				CLANG_ENABLE_OBJC_ARC = YES;
				CLANG_ENABLE_OBJC_WEAK = YES;
				CLANG_WARN_BLOCK_CAPTURE_AUTORELEASING = YES;
				CLANG_WARN_BOOL_CONVERSION = YES;
				CLANG_WARN_COMMA = YES;
				CLANG_WARN_CONSTANT_CONVERSION = YES;
				CLANG_WARN_DEPRECATED_OBJC_IMPLEMENTATIONS = YES;
				CLANG_WARN_DIRECT_OBJC_ISA_USAGE = YES_ERROR;
				CLANG_WARN_DOCUMENTATION_COMMENTS = YES;
				CLANG_WARN_EMPTY_BODY = YES;
				CLANG_WARN_ENUM_CONVERSION = YES;
				CLANG_WARN_INFINITE_RECURSION = YES;
				CLANG_WARN_INT_CONVERSION = YES;
				CLANG_WARN_NON_LITERAL_NULL_CONVERSION = YES;
				CLANG_WARN_OBJC_IMPLICIT_RETAIN_SELF = YES;
				CLANG_WARN_OBJC_LITERAL_CONVERSION = YES;
				CLANG_WARN_OBJC_ROOT_CLASS = YES_ERROR;
				CLANG_WARN_QUOTED_INCLUDE_IN_FRAMEWORK_HEADER = YES;
				CLANG_WARN_RANGE_LOOP_ANALYSIS = YES;
				CLANG_WARN_STRICT_PROTOTYPES = YES;
				CLANG_WARN_SUSPICIOUS_MOVE = YES;
				CLANG_WARN_UNGUARDED_AVAILABILITY = YES_AGGRESSIVE;
				CLANG_WARN_UNREACHABLE_CODE = YES;
				CLANG_WARN__DUPLICATE_METHOD_MATCH = YES;
				COPY_PHASE_STRIP = NO;
				DEBUG_INFORMATION_FORMAT = "dwarf-with-dsym";
				ENABLE_NS_ASSERTIONS = NO;
				ENABLE_STRICT_OBJC_MSGSEND = YES;
				GCC_C_LANGUAGE_STANDARD = gnu11;
				GCC_NO_COMMON_BLOCKS = YES;
				GCC_WARN_64_TO_32_BIT_CONVERSION = YES;
				GCC_WARN_ABOUT_RETURN_TYPE = YES_ERROR;
				GCC_WARN_UNDECLARED_SELECTOR = YES;
				GCC_WARN_UNINITIALIZED_AUTOS = YES_AGGRESSIVE;
				GCC_WARN_UNUSED_FUNCTION = YES;
				GCC_WARN_UNUSED_VARIABLE = YES;
				IPHONEOS_DEPLOYMENT_TARGET = 16.2;
				MTL_ENABLE_DEBUG_INFO = NO;
				MTL_FAST_MATH = YES;
				SDKROOT = iphoneos;
				SWIFT_COMPILATION_MODE = wholemodule;
				SWIFT_OPTIMIZATION_LEVEL = "-O";
				VALIDATE_PRODUCT = YES;
			};
			name = Release;
		};
		BCC1526229ED537200DACFCD /* Debug */ = {
			isa = XCBuildConfiguration;
			baseConfigurationReference = 323C14329563C9486C922362 /* Pods-SpaceX.debug.xcconfig */;
			buildSettings = {
				ASSETCATALOG_COMPILER_APPICON_NAME = AppIcon;
				ASSETCATALOG_COMPILER_GLOBAL_ACCENT_COLOR_NAME = AccentColor;
				CODE_SIGN_STYLE = Automatic;
				CURRENT_PROJECT_VERSION = 1;
				GENERATE_INFOPLIST_FILE = YES;
				INFOPLIST_FILE = SpaceX/Resources/Info.plist;
				INFOPLIST_KEY_UIApplicationSupportsIndirectInputEvents = YES;
				INFOPLIST_KEY_UILaunchStoryboardName = LaunchScreen;
				INFOPLIST_KEY_UIMainStoryboardFile = "";
				INFOPLIST_KEY_UISupportedInterfaceOrientations = UIInterfaceOrientationPortrait;
				LD_RUNPATH_SEARCH_PATHS = (
					"$(inherited)",
					"@executable_path/Frameworks",
				);
				MARKETING_VERSION = 1.0;
				PRODUCT_BUNDLE_IDENTIFIER = com.spaceX.SpaceX;
				PRODUCT_NAME = "$(TARGET_NAME)";
				SWIFT_EMIT_LOC_STRINGS = YES;
				SWIFT_VERSION = 5.0;
				TARGETED_DEVICE_FAMILY = "1,2";
			};
			name = Debug;
		};
		BCC1526329ED537200DACFCD /* Release */ = {
			isa = XCBuildConfiguration;
			baseConfigurationReference = 6DD99F26D0835C6333EF0DC5 /* Pods-SpaceX.release.xcconfig */;
			buildSettings = {
				ASSETCATALOG_COMPILER_APPICON_NAME = AppIcon;
				ASSETCATALOG_COMPILER_GLOBAL_ACCENT_COLOR_NAME = AccentColor;
				CODE_SIGN_STYLE = Automatic;
				CURRENT_PROJECT_VERSION = 1;
				GENERATE_INFOPLIST_FILE = YES;
				INFOPLIST_FILE = SpaceX/Resources/Info.plist;
				INFOPLIST_KEY_UIApplicationSupportsIndirectInputEvents = YES;
				INFOPLIST_KEY_UILaunchStoryboardName = LaunchScreen;
				INFOPLIST_KEY_UIMainStoryboardFile = "";
				INFOPLIST_KEY_UISupportedInterfaceOrientations = UIInterfaceOrientationPortrait;
				LD_RUNPATH_SEARCH_PATHS = (
					"$(inherited)",
					"@executable_path/Frameworks",
				);
				MARKETING_VERSION = 1.0;
				PRODUCT_BUNDLE_IDENTIFIER = com.spaceX.SpaceX;
				PRODUCT_NAME = "$(TARGET_NAME)";
				SWIFT_EMIT_LOC_STRINGS = YES;
				SWIFT_VERSION = 5.0;
				TARGETED_DEVICE_FAMILY = "1,2";
			};
			name = Release;
		};
/* End XCBuildConfiguration section */

/* Begin XCConfigurationList section */
		BCC1524829ED537100DACFCD /* Build configuration list for PBXProject "SpaceX" */ = {
			isa = XCConfigurationList;
			buildConfigurations = (
				BCC1525F29ED537200DACFCD /* Debug */,
				BCC1526029ED537200DACFCD /* Release */,
			);
			defaultConfigurationIsVisible = 0;
			defaultConfigurationName = Release;
		};
		BCC1526129ED537200DACFCD /* Build configuration list for PBXNativeTarget "SpaceX" */ = {
			isa = XCConfigurationList;
			buildConfigurations = (
				BCC1526229ED537200DACFCD /* Debug */,
				BCC1526329ED537200DACFCD /* Release */,
			);
			defaultConfigurationIsVisible = 0;
			defaultConfigurationName = Release;
		};
/* End XCConfigurationList section */
	};
	rootObject = BCC1524529ED537100DACFCD /* Project object */;
}
